
Microsoft Visual Studio Solution File, Format Version 12.00
# Visual Studio Version 16
VisualStudioVersion = 16.0.29613.14
MinimumVisualStudioVersion = 10.0.40219.1
Project("{FAE04EC0-301F-11D3-BF4B-00C04F79EFBC}") = "BaseLib", "BaseLib\BaseLib.csproj", "{0AA0CC08-A585-4E52-AB91-2683D5C76EF2}"
EndProject
Project("{FAE04EC0-301F-11D3-BF4B-00C04F79EFBC}") = "BaseLib.Test", "BaseLib\BaseLib.Test\BaseLib.Test.csproj", "{F4C0C2F0-33C4-41B1-9E44-94D119F3A5FC}"
EndProject
Project("{FAE04EC0-301F-11D3-BF4B-00C04F79EFBC}") = "PluginRawMzXml", "PluginRawMzXml\PluginRawMzXml.csproj", "{2649FB1A-A3EC-4000-8010-A246E1A84811}"
EndProject
Project("{FAE04EC0-301F-11D3-BF4B-00C04F79EFBC}") = "SvgGraphicsTest", "SvgGraphicsTest\SvgGraphicsTest.csproj", "{3ACF1D03-91E7-4C5E-97EA-4A8E3DD2069C}"
EndProject
Project("{FAE04EC0-301F-11D3-BF4B-00C04F79EFBC}") = "PluginRawMzMl", "PluginRawMzMl\PluginRawMzMl.csproj", "{538EB9D0-0AE6-4C3E-B2DF-CEFFD7ED2553}"
EndProject
Project("{FAE04EC0-301F-11D3-BF4B-00C04F79EFBC}") = "PluginRawMzML.Test", "PluginRawMzMl\PluginRawMzML.Test\PluginRawMzML.Test.csproj", "{9C356101-DE67-467D-AC23-FF877D634E25}"
EndProject
Project("{FAE04EC0-301F-11D3-BF4B-00C04F79EFBC}") = "QueuingSystem", "QueuingSystem\QueuingSystem.csproj", "{73C27CD7-4D0F-43C5-86C1-7B534BFBFBE4}"
EndProject
Project("{9A19103F-16F7-4668-BE54-9A1E7A4F7556}") = "BaseLibS", "BaseLibStandard\BaseLibS.csproj", "{3267BB06-A229-4DEC-AF1F-73CE4E192CE8}"
EndProject
Project("{9A19103F-16F7-4668-BE54-9A1E7A4F7556}") = "NumPluginBase", "NumPluginBaseStandard\NumPluginBase.csproj", "{2524F38C-4070-44A2-BF6C-E9B6C3D1AF02}"
EndProject
Project("{FAE04EC0-301F-11D3-BF4B-00C04F79EFBC}") = "NumPluginSvm", "NumPluginSvmStandard\NumPluginSvm.csproj", "{547AB369-CE74-4BC3-8B2A-341A145198EC}"
EndProject
Global
	GlobalSection(SolutionConfigurationPlatforms) = preSolution
		Debug|Any CPU = Debug|Any CPU
		Internal|Any CPU = Internal|Any CPU
		Release|Any CPU = Release|Any CPU
	EndGlobalSection
	GlobalSection(ProjectConfigurationPlatforms) = postSolution
		{0AA0CC08-A585-4E52-AB91-2683D5C76EF2}.Debug|Any CPU.ActiveCfg = Debug|Any CPU
		{0AA0CC08-A585-4E52-AB91-2683D5C76EF2}.Debug|Any CPU.Build.0 = Debug|Any CPU
		{0AA0CC08-A585-4E52-AB91-2683D5C76EF2}.Internal|Any CPU.ActiveCfg = Release|Any CPU
		{0AA0CC08-A585-4E52-AB91-2683D5C76EF2}.Internal|Any CPU.Build.0 = Release|Any CPU
		{0AA0CC08-A585-4E52-AB91-2683D5C76EF2}.Release|Any CPU.ActiveCfg = Release|Any CPU
		{0AA0CC08-A585-4E52-AB91-2683D5C76EF2}.Release|Any CPU.Build.0 = Release|Any CPU
		{F4C0C2F0-33C4-41B1-9E44-94D119F3A5FC}.Debug|Any CPU.ActiveCfg = Debug|Any CPU
		{F4C0C2F0-33C4-41B1-9E44-94D119F3A5FC}.Debug|Any CPU.Build.0 = Debug|Any CPU
		{F4C0C2F0-33C4-41B1-9E44-94D119F3A5FC}.Internal|Any CPU.ActiveCfg = Release|Any CPU
		{F4C0C2F0-33C4-41B1-9E44-94D119F3A5FC}.Internal|Any CPU.Build.0 = Release|Any CPU
		{F4C0C2F0-33C4-41B1-9E44-94D119F3A5FC}.Release|Any CPU.ActiveCfg = Release|Any CPU
		{F4C0C2F0-33C4-41B1-9E44-94D119F3A5FC}.Release|Any CPU.Build.0 = Release|Any CPU
		{2649FB1A-A3EC-4000-8010-A246E1A84811}.Debug|Any CPU.ActiveCfg = Debug|Any CPU
		{2649FB1A-A3EC-4000-8010-A246E1A84811}.Debug|Any CPU.Build.0 = Debug|Any CPU
		{2649FB1A-A3EC-4000-8010-A246E1A84811}.Internal|Any CPU.ActiveCfg = Internal|Any CPU
		{2649FB1A-A3EC-4000-8010-A246E1A84811}.Internal|Any CPU.Build.0 = Internal|Any CPU
		{2649FB1A-A3EC-4000-8010-A246E1A84811}.Release|Any CPU.ActiveCfg = Release|Any CPU
		{2649FB1A-A3EC-4000-8010-A246E1A84811}.Release|Any CPU.Build.0 = Release|Any CPU
		{3ACF1D03-91E7-4C5E-97EA-4A8E3DD2069C}.Debug|Any CPU.ActiveCfg = Debug|Any CPU
		{3ACF1D03-91E7-4C5E-97EA-4A8E3DD2069C}.Debug|Any CPU.Build.0 = Debug|Any CPU
		{3ACF1D03-91E7-4C5E-97EA-4A8E3DD2069C}.Internal|Any CPU.ActiveCfg = Release|Any CPU
		{3ACF1D03-91E7-4C5E-97EA-4A8E3DD2069C}.Internal|Any CPU.Build.0 = Release|Any CPU
		{3ACF1D03-91E7-4C5E-97EA-4A8E3DD2069C}.Release|Any CPU.ActiveCfg = Release|Any CPU
		{3ACF1D03-91E7-4C5E-97EA-4A8E3DD2069C}.Release|Any CPU.Build.0 = Release|Any CPU
		{538EB9D0-0AE6-4C3E-B2DF-CEFFD7ED2553}.Debug|Any CPU.ActiveCfg = Debug|Any CPU
		{538EB9D0-0AE6-4C3E-B2DF-CEFFD7ED2553}.Debug|Any CPU.Build.0 = Debug|Any CPU
		{538EB9D0-0AE6-4C3E-B2DF-CEFFD7ED2553}.Internal|Any CPU.ActiveCfg = Release|Any CPU
		{538EB9D0-0AE6-4C3E-B2DF-CEFFD7ED2553}.Internal|Any CPU.Build.0 = Release|Any CPU
		{538EB9D0-0AE6-4C3E-B2DF-CEFFD7ED2553}.Release|Any CPU.ActiveCfg = Release|Any CPU
		{538EB9D0-0AE6-4C3E-B2DF-CEFFD7ED2553}.Release|Any CPU.Build.0 = Release|Any CPU
		{9C356101-DE67-467D-AC23-FF877D634E25}.Debug|Any CPU.ActiveCfg = Debug|Any CPU
		{9C356101-DE67-467D-AC23-FF877D634E25}.Debug|Any CPU.Build.0 = Debug|Any CPU
		{9C356101-DE67-467D-AC23-FF877D634E25}.Internal|Any CPU.ActiveCfg = Release|Any CPU
		{9C356101-DE67-467D-AC23-FF877D634E25}.Internal|Any CPU.Build.0 = Release|Any CPU
		{9C356101-DE67-467D-AC23-FF877D634E25}.Release|Any CPU.ActiveCfg = Release|Any CPU
		{9C356101-DE67-467D-AC23-FF877D634E25}.Release|Any CPU.Build.0 = Release|Any CPU
		{73C27CD7-4D0F-43C5-86C1-7B534BFBFBE4}.Debug|Any CPU.ActiveCfg = Debug|Any CPU
		{73C27CD7-4D0F-43C5-86C1-7B534BFBFBE4}.Debug|Any CPU.Build.0 = Debug|Any CPU
		{73C27CD7-4D0F-43C5-86C1-7B534BFBFBE4}.Internal|Any CPU.ActiveCfg = Debug|Any CPU
		{73C27CD7-4D0F-43C5-86C1-7B534BFBFBE4}.Internal|Any CPU.Build.0 = Debug|Any CPU
		{73C27CD7-4D0F-43C5-86C1-7B534BFBFBE4}.Release|Any CPU.ActiveCfg = Release|Any CPU
		{73C27CD7-4D0F-43C5-86C1-7B534BFBFBE4}.Release|Any CPU.Build.0 = Release|Any CPU
		{3267BB06-A229-4DEC-AF1F-73CE4E192CE8}.Debug|Any CPU.ActiveCfg = Debug|Any CPU
		{3267BB06-A229-4DEC-AF1F-73CE4E192CE8}.Debug|Any CPU.Build.0 = Debug|Any CPU
		{3267BB06-A229-4DEC-AF1F-73CE4E192CE8}.Internal|Any CPU.ActiveCfg = Debug|Any CPU
		{3267BB06-A229-4DEC-AF1F-73CE4E192CE8}.Internal|Any CPU.Build.0 = Debug|Any CPU
		{3267BB06-A229-4DEC-AF1F-73CE4E192CE8}.Release|Any CPU.ActiveCfg = Release|Any CPU
		{3267BB06-A229-4DEC-AF1F-73CE4E192CE8}.Release|Any CPU.Build.0 = Release|Any CPU
		{2524F38C-4070-44A2-BF6C-E9B6C3D1AF02}.Debug|Any CPU.ActiveCfg = Debug|Any CPU
		{2524F38C-4070-44A2-BF6C-E9B6C3D1AF02}.Debug|Any CPU.Build.0 = Debug|Any CPU
		{2524F38C-4070-44A2-BF6C-E9B6C3D1AF02}.Internal|Any CPU.ActiveCfg = Debug|Any CPU
		{2524F38C-4070-44A2-BF6C-E9B6C3D1AF02}.Internal|Any CPU.Build.0 = Debug|Any CPU
		{2524F38C-4070-44A2-BF6C-E9B6C3D1AF02}.Release|Any CPU.ActiveCfg = Release|Any CPU
		{2524F38C-4070-44A2-BF6C-E9B6C3D1AF02}.Release|Any CPU.Build.0 = Release|Any CPU
		{547AB369-CE74-4BC3-8B2A-341A145198EC}.Debug|Any CPU.ActiveCfg = Debug|Any CPU
		{547AB369-CE74-4BC3-8B2A-341A145198EC}.Debug|Any CPU.Build.0 = Debug|Any CPU
		{547AB369-CE74-4BC3-8B2A-341A145198EC}.Internal|Any CPU.ActiveCfg = Debug|Any CPU
		{547AB369-CE74-4BC3-8B2A-341A145198EC}.Internal|Any CPU.Build.0 = Debug|Any CPU
		{547AB369-CE74-4BC3-8B2A-341A145198EC}.Release|Any CPU.ActiveCfg = Release|Any CPU
		{547AB369-CE74-4BC3-8B2A-341A145198EC}.Release|Any CPU.Build.0 = Release|Any CPU
	EndGlobalSection
	GlobalSection(SolutionProperties) = preSolution
		HideSolutionNode = FALSE
	EndGlobalSection
	GlobalSection(ExtensibilityGlobals) = postSolution
		SolutionGuid = {1BC9542C-9838-4B1F-B417-4DBC5FBA231C}
	EndGlobalSection
EndGlobal
